<?xml version="1.0" encoding="utf-8"?>
<Project ToolsVersion="4.0" xmlns="http://schemas.microsoft.com/developer/msbuild/2003">
  <ItemGroup>
    <Filter Include="Source Files">
      <UniqueIdentifier>{4FC737F1-C7A5-4376-A066-2A32D752A2FF}</UniqueIdentifier>
      <Extensions>cpp;c;cc;cxx;def;odl;idl;hpj;bat;asm;asmx</Extensions>
    </Filter>
    <Filter Include="Header Files">
      <UniqueIdentifier>{93995380-89BD-4b04-88EB-625FBE52EBFB}</UniqueIdentifier>
      <Extensions>h;hh;hpp;hxx;hm;inl;inc;xsd</Extensions>
    </Filter>
    <Filter Include="Misc Files">
      <UniqueIdentifier>{67DA6AB6-F800-4c08-8B7A-83BB121AAD01}</UniqueIdentifier>
      <Extensions>xml;json;txt;rc;ico;cur;bmp;dlg;rc2;rct;bin;rgs;gif;jpg;jpeg;jpe;resx;tiff;tif;png;wav;mfcribbon-ms</Extensions>
    </Filter>
    <Filter Include="libwinston-src">
      <UniqueIdentifier>{1c531b19-cd37-4ef8-9f63-ab24ef521d6d}</UniqueIdentifier>
    </Filter>
    <Filter Include="external">
      <UniqueIdentifier>{a8af6933-f3b9-4a60-abe6-3a32865fa4f2}</UniqueIdentifier>
    </Filter>
  </ItemGroup>
  <ItemGroup>
    <None Include="src\arduino folders read me.txt">
      <Filter>Misc Files</Filter>
    </None>
  </ItemGroup>
  <ItemGroup>
    <ClCompile Include="winston-display-esp.ino" />
    <ClCompile Include="..\winston-display\Cinema.cpp">
      <Filter>Source Files</Filter>
    </ClCompile>
    <ClCompile Include="..\winston-display\UX.cpp">
      <Filter>Source Files</Filter>
    </ClCompile>
    <ClCompile Include="..\winston-display\winston-display.cpp">
      <Filter>Source Files</Filter>
    </ClCompile>
    <ClCompile Include="..\libwinston\WinstonSharedTypes.cpp">
      <Filter>libwinston-src</Filter>
    </ClCompile>
    <ClCompile Include="..\libwinston\HAL.cpp">
      <Filter>libwinston-src</Filter>
    </ClCompile>
    <ClCompile Include="..\libwinston\Util.cpp">
      <Filter>libwinston-src</Filter>
    </ClCompile>
    <ClCompile Include="winston-display-hal-esp32.cpp">
      <Filter>Source Files</Filter>
    </ClCompile>
    <ClCompile Include="..\libwinston\Command.cpp">
      <Filter>libwinston-src</Filter>
    </ClCompile>
    <ClCompile Include="..\libwinston\EventLooper.cpp">
      <Filter>libwinston-src</Filter>
    </ClCompile>
    <ClCompile Include="..\winston-teensy\winston-hal-teensy.cpp">
      <Filter>Source Files</Filter>
    </ClCompile>
    <ClCompile Include="..\libwinston\Log.cpp">
      <Filter>libwinston-src</Filter>
    </ClCompile>
    <ClCompile Include="..\libwinston\Winston.cpp">
      <Filter>libwinston-src</Filter>
    </ClCompile>
    <ClCompile Include="icons.c">
      <Filter>Source Files</Filter>
    </ClCompile>
  </ItemGroup>
  <ItemGroup>
    <ClInclude Include="__vm\.winston-display-esp.vsarduino.h">
      <Filter>Header Files</Filter>
    </ClInclude>
    <ClInclude Include="..\winston-display\Cinema.h">
      <Filter>Header Files</Filter>
    </ClInclude>
    <ClInclude Include="..\winston-display\winston-display.h">
      <Filter>Header Files</Filter>
    </ClInclude>
    <ClInclude Include="..\libwinston\HAL.h">
      <Filter>libwinston-src</Filter>
    </ClInclude>
    <ClInclude Include="..\libwinston\Log.h">
      <Filter>libwinston-src</Filter>
    </ClInclude>
    <ClInclude Include="..\libwinston\Util.h">
      <Filter>libwinston-src</Filter>
    </ClInclude>
    <ClInclude Include="..\libwinston\WinstonConfig.h">
      <Filter>libwinston-src</Filter>
    </ClInclude>
    <ClInclude Include="..\libwinston\WinstonSharedTypes.h">
      <Filter>libwinston-src</Filter>
    </ClInclude>
    <ClInclude Include="winston-display-hal-esp32.h">
      <Filter>Header Files</Filter>
    </ClInclude>
    <ClInclude Include="..\libwinston\Command.h">
      <Filter>libwinston-src</Filter>
    </ClInclude>
    <ClInclude Include="..\libwinston\EventLooper.h">
      <Filter>libwinston-src</Filter>
    </ClInclude>
    <ClInclude Include="winston-display-hal-esp32-websocketclient.hpp">
      <Filter>Header Files</Filter>
    </ClInclude>
    <ClInclude Include="..\winston-teensy\winston-hal-teensy.h">
      <Filter>Header Files</Filter>
    </ClInclude>
    <ClInclude Include="..\libwinston\WinstonTypes.h">
      <Filter>libwinston-src</Filter>
    </ClInclude>
    <ClInclude Include="C:\Users\daniel\Documents\Arduino\libraries\lv_conf.h">
      <Filter>external</Filter>
    </ClInclude>
  </ItemGroup>
  <ItemGroup>
    <Text Include="board.txt">
      <Filter>Misc Files</Filter>
    </Text>
  </ItemGroup>
</Project>