
Microsoft Visual Studio Solution File, Format Version 12.00
# Visual Studio Version 17
VisualStudioVersion = 17.0.32014.148
MinimumVisualStudioVersion = 10.0.40219.1
Project("{8BC9CEB8-8B4A-11D0-8D11-00A0C91BC942}") = "winston-teensy", "winston-teensy.vcxproj", "{C5F80730-F44F-4478-BDAE-6634EFC2CA88}"
EndProject
Global
	GlobalSection(SolutionConfigurationPlatforms) = preSolution
		Debug Realworld|ARM = Debug Realworld|ARM
		Debug|ARM = Debug|ARM
		Release|ARM = Release|ARM
	EndGlobalSection
	GlobalSection(ProjectConfigurationPlatforms) = postSolution
		{C5F80730-F44F-4478-BDAE-6634EFC2CA88}.Debug Realworld|ARM.ActiveCfg = Debug Realworld|ARM
		{C5F80730-F44F-4478-BDAE-6634EFC2CA88}.Debug Realworld|ARM.Build.0 = ARM
		{C5F80730-F44F-4478-BDAE-6634EFC2CA88}.Debug Realworld|ARM.Deploy.0 = ARM
		{C5F80730-F44F-4478-BDAE-6634EFC2CA88}.Debug|ARM.ActiveCfg = Debug|ARM
		{C5F80730-F44F-4478-BDAE-6634EFC2CA88}.Debug|ARM.Deploy.0 = ARM
		{C5F80730-F44F-4478-BDAE-6634EFC2CA88}.Debug|ARM.Build.0 = Debug|ARM
		{C5F80730-F44F-4478-BDAE-6634EFC2CA88}.Release|ARM.ActiveCfg = Release|ARM
		{C5F80730-F44F-4478-BDAE-6634EFC2CA88}.Release|ARM.Deploy.0 = ARM
		{C5F80730-F44F-4478-BDAE-6634EFC2CA88}.Release|ARM.Build.0 = Release|ARM
	EndGlobalSection
	GlobalSection(SolutionProperties) = preSolution
		HideSolutionNode = FALSE
	EndGlobalSection
	GlobalSection(ExtensibilityGlobals) = postSolution
		SolutionGuid = {9BB1406A-B0ED-4A3C-ADCA-8601905455CD}
	EndGlobalSection
EndGlobal
