<?xml version="1.0" encoding="utf-8"?>
<Project ToolsVersion="4.0" xmlns="http://schemas.microsoft.com/developer/msbuild/2003">
  <ItemGroup>
    <Filter Include="Source Files">
      <UniqueIdentifier>{4FC737F1-C7A5-4376-A066-2A32D752A2FF}</UniqueIdentifier>
      <Extensions>cpp;c;cc;cxx;def;odl;idl;hpj;bat;asm;asmx</Extensions>
    </Filter>
    <Filter Include="Header Files">
      <UniqueIdentifier>{93995380-89BD-4b04-88EB-625FBE52EBFB}</UniqueIdentifier>
      <Extensions>h;hh;hpp;hxx;hm;inl;inc;xsd</Extensions>
    </Filter>
    <Filter Include="Resource Files">
      <UniqueIdentifier>{67DA6AB6-F800-4c08-8B7A-83BB121AAD01}</UniqueIdentifier>
      <Extensions>rc;ico;cur;bmp;dlg;rc2;rct;bin;rgs;gif;jpg;jpeg;jpe;resx;tiff;tif;png;wav;mfcribbon-ms</Extensions>
    </Filter>
    <Filter Include="libwinston-src">
      <UniqueIdentifier>{60ceef75-fa03-4051-98c2-6d3a4295f896}</UniqueIdentifier>
    </Filter>
    <Filter Include="winston-src">
      <UniqueIdentifier>{fdc391cd-5ba0-4cc8-9045-121e20c1a8ac}</UniqueIdentifier>
    </Filter>
  </ItemGroup>
  <ItemGroup>
    <None Include="winston-teensy.ino" />
  </ItemGroup>
  <ItemGroup>
    <ClInclude Include="__vm\.winston-teensy.vsarduino.h">
      <Filter>Header Files</Filter>
    </ClInclude>
    <ClInclude Include="winston-hal-teensy.h">
      <Filter>Header Files</Filter>
    </ClInclude>
    <ClInclude Include="..\winston\winston-main.h">
      <Filter>Header Files</Filter>
    </ClInclude>
    <ClInclude Include="..\winston\external\central-z21\Z21.h">
      <Filter>winston-src</Filter>
    </ClInclude>
    <ClInclude Include="..\winston\external\central-z21\Z21Const.h">
      <Filter>winston-src</Filter>
    </ClInclude>
    <ClInclude Include="..\winston\external\central-z21\Z21Packet.h">
      <Filter>winston-src</Filter>
    </ClInclude>
    <ClInclude Include="..\libwinston\Block.h">
      <Filter>libwinston-src</Filter>
    </ClInclude>
    <ClInclude Include="..\libwinston\Callback.h">
      <Filter>libwinston-src</Filter>
    </ClInclude>
    <ClInclude Include="..\libwinston\Command.h">
      <Filter>libwinston-src</Filter>
    </ClInclude>
    <ClInclude Include="..\libwinston\DigitalCentralStation.h">
      <Filter>libwinston-src</Filter>
    </ClInclude>
    <ClInclude Include="..\libwinston\HAL.h">
      <Filter>libwinston-src</Filter>
    </ClInclude>
    <ClInclude Include="..\libwinston\Library.h">
      <Filter>libwinston-src</Filter>
    </ClInclude>
    <ClInclude Include="..\libwinston\Locomotive.h">
      <Filter>libwinston-src</Filter>
    </ClInclude>
    <ClInclude Include="..\libwinston\Log.h">
      <Filter>libwinston-src</Filter>
    </ClInclude>
    <ClInclude Include="..\libwinston\ModelRailwaySystem.h">
      <Filter>libwinston-src</Filter>
    </ClInclude>
    <ClInclude Include="..\libwinston\Railway.h">
      <Filter>libwinston-src</Filter>
    </ClInclude>
    <ClInclude Include="..\winston\railways.h">
      <Filter>libwinston-src</Filter>
    </ClInclude>
    <ClInclude Include="..\libwinston\Route.h">
      <Filter>libwinston-src</Filter>
    </ClInclude>
    <ClInclude Include="..\libwinston\Signal.h">
      <Filter>libwinston-src</Filter>
    </ClInclude>
    <ClInclude Include="..\libwinston\SignalBox.h">
      <Filter>libwinston-src</Filter>
    </ClInclude>
    <ClInclude Include="..\libwinston\Track.h">
      <Filter>libwinston-src</Filter>
    </ClInclude>
    <ClInclude Include="..\libwinston\Util.h">
      <Filter>libwinston-src</Filter>
    </ClInclude>
    <ClInclude Include="..\libwinston\WebServer.h">
      <Filter>libwinston-src</Filter>
    </ClInclude>
    <ClInclude Include="..\libwinston\Winston.h">
      <Filter>libwinston-src</Filter>
    </ClInclude>
    <ClInclude Include="..\libwinston\WinstonTypes.h">
      <Filter>libwinston-src</Filter>
    </ClInclude>
    <ClInclude Include="..\winston\Kornweinheim.h">
      <Filter>winston-src</Filter>
    </ClInclude>
    <ClInclude Include="winston-hal-teensy-webserver.hpp">
      <Filter>Header Files</Filter>
    </ClInclude>
  </ItemGroup>
  <ItemGroup>
    <ClCompile Include="..\libwinston\Block.cpp">
      <Filter>libwinston-src</Filter>
    </ClCompile>
    <ClCompile Include="..\libwinston\Callback.cpp">
      <Filter>libwinston-src</Filter>
    </ClCompile>
    <ClCompile Include="..\libwinston\Command.cpp">
      <Filter>libwinston-src</Filter>
    </ClCompile>
    <ClCompile Include="..\libwinston\DigitalCentralStation.cpp">
      <Filter>libwinston-src</Filter>
    </ClCompile>
    <ClCompile Include="..\libwinston\HAL.cpp">
      <Filter>libwinston-src</Filter>
    </ClCompile>
    <ClCompile Include="..\libwinston\Library.cpp">
      <Filter>libwinston-src</Filter>
    </ClCompile>
    <ClCompile Include="..\libwinston\Locomotive.cpp">
      <Filter>libwinston-src</Filter>
    </ClCompile>
    <ClCompile Include="..\libwinston\Railway.cpp">
      <Filter>libwinston-src</Filter>
    </ClCompile>
    <ClCompile Include="..\libwinston\Route.cpp">
      <Filter>libwinston-src</Filter>
    </ClCompile>
    <ClCompile Include="..\libwinston\Signal.cpp">
      <Filter>libwinston-src</Filter>
    </ClCompile>
    <ClCompile Include="..\libwinston\SignalBox.cpp">
      <Filter>libwinston-src</Filter>
    </ClCompile>
    <ClCompile Include="..\libwinston\Track.cpp">
      <Filter>libwinston-src</Filter>
    </ClCompile>
    <ClCompile Include="..\libwinston\Util.cpp">
      <Filter>libwinston-src</Filter>
    </ClCompile>
    <ClCompile Include="..\libwinston\Winston.cpp">
      <Filter>libwinston-src</Filter>
    </ClCompile>
    <ClCompile Include="..\winston\external\central-z21\Z21.cpp">
      <Filter>winston-src</Filter>
    </ClCompile>
    <ClCompile Include="..\winston\external\central-z21\Z21Packet.cpp">
      <Filter>winston-src</Filter>
    </ClCompile>
    <ClCompile Include="winston-hal-teensy.cpp">
      <Filter>Source Files</Filter>
    </ClCompile>
    <ClCompile Include="..\winston\Kornweinheim.hpp">
      <Filter>winston-src</Filter>
    </ClCompile>
    <ClCompile Include="..\winston\railways.cpp">
      <Filter>winston-src</Filter>
    </ClCompile>
    <ClCompile Include="..\winston\winston-main.cpp">
      <Filter>winston-src</Filter>
    </ClCompile>
  </ItemGroup>
  <ItemGroup>
    <Text Include="board.txt" />
  </ItemGroup>
</Project>