<?xml version="1.0" encoding="utf-8"?>
<Project ToolsVersion="4.0" xmlns="http://schemas.microsoft.com/developer/msbuild/2003">
  <ItemGroup>
    <Filter Include="Source Files">
      <UniqueIdentifier>{4FC737F1-C7A5-4376-A066-2A32D752A2FF}</UniqueIdentifier>
      <Extensions>cpp;c;cc;cxx;c++;cppm;ixx;def;odl;idl;hpj;bat;asm;asmx</Extensions>
    </Filter>
    <Filter Include="Header Files">
      <UniqueIdentifier>{93995380-89BD-4b04-88EB-625FBE52EBFB}</UniqueIdentifier>
      <Extensions>h;hh;hpp;hxx;h++;hm;inl;inc;ipp;xsd</Extensions>
    </Filter>
    <Filter Include="Resource Files">
      <UniqueIdentifier>{67DA6AB6-F800-4c08-8B7A-83BB121AAD01}</UniqueIdentifier>
      <Extensions>rc;ico;cur;bmp;dlg;rc2;rct;bin;rgs;gif;jpg;jpeg;jpe;resx;tiff;tif;png;wav;mfcribbon-ms</Extensions>
    </Filter>
    <Filter Include="external">
      <UniqueIdentifier>{8d43d962-bf6c-42b8-a9de-01c4d58f95e5}</UniqueIdentifier>
    </Filter>
    <Filter Include="external\central-z21">
      <UniqueIdentifier>{75f486df-1bf9-4e4e-9fc3-954dc94be17e}</UniqueIdentifier>
    </Filter>
    <Filter Include="external\websocketpp">
      <UniqueIdentifier>{aaaf94e4-118c-4cf8-95de-3b86882303a4}</UniqueIdentifier>
    </Filter>
    <Filter Include="external\ftdi-ft232">
      <UniqueIdentifier>{3788dd8f-f7fa-4eb1-9d55-5eda0d44d8bd}</UniqueIdentifier>
    </Filter>
  </ItemGroup>
  <ItemGroup>
    <ClCompile Include="winston-hal-x64.cpp">
      <Filter>Source Files</Filter>
    </ClCompile>
    <ClCompile Include="external\central-z21\Z21Packet.cpp">
      <Filter>external\central-z21</Filter>
    </ClCompile>
    <ClCompile Include="external\central-z21\Z21.cpp">
      <Filter>external\central-z21</Filter>
    </ClCompile>
    <ClCompile Include="winston-main.cpp">
      <Filter>Source Files</Filter>
    </ClCompile>
    <ClCompile Include="railways.cpp">
      <Filter>Source Files</Filter>
    </ClCompile>
    <ClCompile Include="FT232_Device.cpp">
      <Filter>Source Files</Filter>
    </ClCompile>
    <ClCompile Include="TimeSaver.cpp">
      <Filter>Source Files</Filter>
    </ClCompile>
    <ClCompile Include="TLC5947_SignalDevice.cpp">
      <Filter>Source Files</Filter>
    </ClCompile>
    <ClCompile Include="winston-shared-hal-x64.cpp">
      <Filter>Source Files</Filter>
    </ClCompile>
  </ItemGroup>
  <ItemGroup>
    <ClInclude Include="external\central-z21\Z21Const.h">
      <Filter>external\central-z21</Filter>
    </ClInclude>
    <ClInclude Include="external\central-z21\Z21Packet.h">
      <Filter>external\central-z21</Filter>
    </ClInclude>
    <ClInclude Include="external\central-z21\Z21.h">
      <Filter>external\central-z21</Filter>
    </ClInclude>
    <ClInclude Include="winston-main.h">
      <Filter>Header Files</Filter>
    </ClInclude>
    <ClInclude Include="railways.h">
      <Filter>Header Files</Filter>
    </ClInclude>
    <ClInclude Include="winston-hal-x64.h">
      <Filter>Header Files</Filter>
    </ClInclude>
    <ClInclude Include="mio.hpp">
      <Filter>external</Filter>
    </ClInclude>
    <ClInclude Include="TLC5947_SignalDevice.h">
      <Filter>Header Files</Filter>
    </ClInclude>
    <ClInclude Include="FT232_Device.h">
      <Filter>Header Files</Filter>
    </ClInclude>
    <ClInclude Include="external\ftdi-232\ftd2xx.h">
      <Filter>external\ftdi-ft232</Filter>
    </ClInclude>
    <ClInclude Include="external\ftdi-232\libMPSSE_spi.h">
      <Filter>external\ftdi-ft232</Filter>
    </ClInclude>
    <ClInclude Include="Kornweinheim.h">
      <Filter>Header Files</Filter>
    </ClInclude>
    <ClInclude Include="Kornweinheim.hpp">
      <Filter>Header Files</Filter>
    </ClInclude>
    <ClInclude Include="resources.h">
      <Filter>Resource Files</Filter>
    </ClInclude>
    <ClInclude Include="TimeSaver.h">
      <Filter>Header Files</Filter>
    </ClInclude>
    <ClInclude Include="TimeSaver.hpp">
      <Filter>Header Files</Filter>
    </ClInclude>
  </ItemGroup>
  <ItemGroup>
    <None Include="resources\winston.html">
      <Filter>Resource Files</Filter>
    </None>
    <None Include="external\central-z21\readme.md">
      <Filter>external\central-z21</Filter>
    </None>
  </ItemGroup>
  <ItemGroup>
    <Natvis Include="..\libwinston\NatvisFile.natvis" />
  </ItemGroup>
  <ItemGroup>
    <Library Include="external\ftdi-232\libMPSSE.lib" />
    <Library Include="external\ftdi-232\libMPSSE-dbg.lib" />
  </ItemGroup>
</Project>